# THIS IS AN AUTOGENERATED FILE. DO NOT EDIT THIS FILE DIRECTLY.
# yarn lockfile v1


"@bower_components/purescript-aff@slamdata/purescript-aff#^3.1.0":
  version "^3.1.0"
  resolved "https://codeload.github.com/slamdata/purescript-aff/tar.gz/2943766dcf3dd3d9a28461c001362aba2bd0d405"

"@bower_components/purescript-argonaut-codecs@purescript-contrib/purescript-argonaut-codecs#^3.2.0":
  version "^3.2.0"
  resolved "https://codeload.github.com/purescript-contrib/purescript-argonaut-codecs/tar.gz/2fbd8e84f2944fd8a6d9d021d5e0abe4a803616f"

"@bower_components/purescript-argonaut-core@purescript-contrib/purescript-argonaut-core#^3.0.0", "@bower_components/purescript-argonaut-core@purescript-contrib/purescript-argonaut-core#^3.1.0":
  version "^3.1.0"
  resolved "https://codeload.github.com/purescript-contrib/purescript-argonaut-core/tar.gz/b07f3204060de75c1e56ba3fa5640d32194dd58a"

"@bower_components/purescript-argonaut-generic@purescript-contrib/purescript-argonaut-generic#^1.2.0":
  version "^1.2.0"
  resolved "https://codeload.github.com/purescript-contrib/purescript-argonaut-generic/tar.gz/ce294968d328795467266ec00682a89f4017f640"

"@bower_components/purescript-argonaut-traversals@purescript-contrib/purescript-argonaut-traversals#^3.0.0":
  version "^3.0.0"
  resolved "https://codeload.github.com/purescript-contrib/purescript-argonaut-traversals/tar.gz/806d3717bbb4a991c3a3ac6d59fc76d0bbdf1874"

"@bower_components/purescript-argonaut@purescript-contrib/purescript-argonaut#^3.1.0":
  version "^3.1.0"
  resolved "https://codeload.github.com/purescript-contrib/purescript-argonaut/tar.gz/f2f05ca43e4662dfb823059a94f62c8e498f670e"

"@bower_components/purescript-arraybuffer-types@jacereda/purescript-arraybuffer-types#^2.0.0":
  version "^2.0.0"
  resolved "https://codeload.github.com/jacereda/purescript-arraybuffer-types/tar.gz/505aa3de50a1400e5f2fce4a8e7b1a39abaa8fd9"

"@bower_components/purescript-arrays@purescript/purescript-arrays#^4.0.0":
  version "^4.0.0"
  resolved "https://codeload.github.com/purescript/purescript-arrays/tar.gz/021002564cbf2cc612644249ffd743b0f5cd5dc0"

"@bower_components/purescript-assert@purescript/purescript-assert#^3.0.0":
  version "^3.0.0"
  resolved "https://codeload.github.com/purescript/purescript-assert/tar.gz/62bc3b0b103d781e42460e5f9b5246b981c63826"

"@bower_components/purescript-avar@slamdata/purescript-avar#^2.0.0":
  version "^2.0.0"
  resolved "https://codeload.github.com/slamdata/purescript-avar/tar.gz/bf4fe9c85e23c1ac1ab8a2d3120554898ee1d0c5"

"@bower_components/purescript-bifunctors@purescript-contrib/purescript-bifunctors#^3.0.0":
  version "^3.0.0"
  resolved "https://codeload.github.com/purescript-contrib/purescript-bifunctors/tar.gz/326586882af8987d560a183af7142de9582282c8"

"@bower_components/purescript-catenable-lists@purescript/purescript-catenable-lists#^4.0.0":
  version "^4.0.0"
  resolved "https://codeload.github.com/purescript/purescript-catenable-lists/tar.gz/da5091b9fcafe46284655336c66ee758e8e0e22c"

"@bower_components/purescript-console@purescript/purescript-console#^3.0.0":
  version "^3.0.0"
  resolved "https://codeload.github.com/purescript/purescript-console/tar.gz/36eb19ee6ed578cbec480cd89cd5b2285984ead6"

"@bower_components/purescript-const@mankyKitty/purescript-const#^3.0.0":
  version "^3.0.0"
  resolved "https://codeload.github.com/mankyKitty/purescript-const/tar.gz/7f0f2319e245a8c5c2e6c9d953a93c5b20ef1a10"

"@bower_components/purescript-contravariant@mankyKitty/purescript-contravariant#^3.0.0":
  version "^3.0.0"
  resolved "https://codeload.github.com/mankyKitty/purescript-contravariant/tar.gz/047e96bf876c34eba0541321d270f5b0b36b7d60"

"@bower_components/purescript-control@purescript/purescript-control#^3.0.0":
  version "^3.0.0"
  resolved "https://codeload.github.com/purescript/purescript-control/tar.gz/daae61df2a855c29d991901de448c3bca596ad70"

"@bower_components/purescript-datetime@purescript/purescript-datetime#^3.0.0":
  version "^3.0.0"
  resolved "https://codeload.github.com/purescript/purescript-datetime/tar.gz/b920f2cfbad2d4c5510d5df6fe74e767da335228"

"@bower_components/purescript-debug@garyb/purescript-debug#^3.0.0":
  version "^3.0.0"
  resolved "https://codeload.github.com/garyb/purescript-debug/tar.gz/ed00bf3787e5a9d1e50d5a71b2337a9e8fb2a2da"

"@bower_components/purescript-distributive@mankyKitty/purescript-distributive#^3.0.0":
  version "^3.0.0"
  resolved "https://codeload.github.com/mankyKitty/purescript-distributive/tar.gz/379888b90ea737648a7e1ad1d9d01d11ecf071af"

"@bower_components/purescript-eff@purescript/purescript-eff#^3.0.0":
  version "^3.0.0"
  resolved "https://codeload.github.com/purescript/purescript-eff/tar.gz/06d02be3a92c1e60f665573aff9dbf23b6587cd1"

"@bower_components/purescript-either@purescript/purescript-either#^3.0.0":
  version "^3.0.0"
  resolved "https://codeload.github.com/purescript/purescript-either/tar.gz/ceb6a147debe2a1b9af0732b9ee1f4a76d0c7c49"

"@bower_components/purescript-enums@purescript/purescript-enums#^3.2.1":
  version "^3.2.1"
  resolved "https://codeload.github.com/purescript/purescript-enums/tar.gz/2b848bf1c7a70fd437a439e33a5088b310f4b990"

"@bower_components/purescript-exceptions@purescript/purescript-exceptions#^3.0.0", "@bower_components/purescript-exceptions@purescript/purescript-exceptions#^3.1.0":
  version "^3.1.0"
  resolved "https://codeload.github.com/purescript/purescript-exceptions/tar.gz/740d3f9bca0d6635e3a8be43ea082962e937cd01"

"@bower_components/purescript-exists@paf31/purescript-exists#^3.0.0":
  version "^3.0.0"
  resolved "https://codeload.github.com/paf31/purescript-exists/tar.gz/aa6dddd1041e1aeabfa2abce8d307a4fa108760c"

"@bower_components/purescript-foldable-traversable@purescript/purescript-foldable-traversable#^3.0.0":
  version "^3.0.0"
  resolved "https://codeload.github.com/purescript/purescript-foldable-traversable/tar.gz/642ae7d9aebca45ff4f976e6a0d6662719f23346"

"@bower_components/purescript-foreign-generic@paf31/purescript-foreign-generic#^4.0.0":
  version "^4.0.0"
  resolved "https://codeload.github.com/paf31/purescript-foreign-generic/tar.gz/df66706475aeecd415fe36bd457c1085f6f852f1"

"@bower_components/purescript-foreign@purescript/purescript-foreign#^4.0.1":
  version "^4.0.1"
  resolved "https://codeload.github.com/purescript/purescript-foreign/tar.gz/1de4a2e1081bb26aa6805c2d7006384ba2228a60"

"@bower_components/purescript-free@purescript/purescript-free#^4.0.1":
  version "^4.0.1"
  resolved "https://codeload.github.com/purescript/purescript-free/tar.gz/542a9da37912d83d0bba028e030c47833b2137ee"

"@bower_components/purescript-functions@purescript/purescript-functions#^3.0.0":
  version "^3.0.0"
  resolved "https://codeload.github.com/purescript/purescript-functions/tar.gz/39479c2ba71d96aec3ddfb4bc5a467c88e586d18"

"@bower_components/purescript-functors@purescript/purescript-functors#^2.0.0":
  version "^2.0.0"
  resolved "https://codeload.github.com/purescript/purescript-functors/tar.gz/e5a351853fe92b2c9e6956d9a49be94108bd4da1"

"@bower_components/purescript-gen@garyb/purescript-gen#^1.1.0":
  version "^1.1.0"
  resolved "https://codeload.github.com/garyb/purescript-gen/tar.gz/c17dc11c78e7f8c9da86716ae33c1f9caae48d6d"

"@bower_components/purescript-generics-rep@purescript/purescript-generics-rep#^5.3.0":
  version "^5.3.0"
  resolved "https://codeload.github.com/purescript/purescript-generics-rep/tar.gz/7b6a6173e5c6d3978d2d66d15aba84a12372fca1"

"@bower_components/purescript-generics@purescript/purescript-generics#^4.0.0":
  version "^4.0.0"
  resolved "https://codeload.github.com/purescript/purescript-generics/tar.gz/36ffb234010f417233f3574bef03d00eccf86fde"

"@bower_components/purescript-globals@purescript/purescript-globals#^3.0.0":
  version "^3.0.0"
  resolved "https://codeload.github.com/purescript/purescript-globals/tar.gz/52442c3fef055996cbe345ef43b463c5ef764fdf"

"@bower_components/purescript-herigone-common@../purescript-herigone-common":
  version "0.0.1"
  dependencies:
    "@bower_components/purescript-argonaut" purescript-contrib/purescript-argonaut#^3.1.0
    "@bower_components/purescript-argonaut-codecs" purescript-contrib/purescript-argonaut-codecs#^3.2.0
    "@bower_components/purescript-argonaut-core" purescript-contrib/purescript-argonaut-core#^3.0.0
    "@bower_components/purescript-argonaut-generic" purescript-contrib/purescript-argonaut-generic#^1.2.0
    "@bower_components/purescript-argonaut-traversals" purescript-contrib/purescript-argonaut-traversals#^3.0.0
    "@bower_components/purescript-arrays" purescript/purescript-arrays#^4.0.0
    "@bower_components/purescript-bifunctors" purescript-contrib/purescript-bifunctors#^3.0.0
    "@bower_components/purescript-console" purescript/purescript-console#^3.0.0
    "@bower_components/purescript-const" mankyKitty/purescript-const#^3.0.0
    "@bower_components/purescript-contravariant" mankyKitty/purescript-contravariant#^3.0.0
    "@bower_components/purescript-control" purescript/purescript-control#^3.0.0
    "@bower_components/purescript-distributive" mankyKitty/purescript-distributive#^3.0.0
    "@bower_components/purescript-eff" purescript/purescript-eff#^3.0.0
    "@bower_components/purescript-either" purescript/purescript-either#^3.0.0
    "@bower_components/purescript-enums" purescript/purescript-enums#^3.2.1
    "@bower_components/purescript-exceptions" purescript/purescript-exceptions#^3.0.0
    "@bower_components/purescript-exists" paf31/purescript-exists#^3.0.0
    "@bower_components/purescript-foldable-traversable" purescript/purescript-foldable-traversable#^3.0.0
    "@bower_components/purescript-foreign" purescript/purescript-foreign#^4.0.1
    "@bower_components/purescript-foreign-generic" paf31/purescript-foreign-generic#^4.0.0
    "@bower_components/purescript-functions" purescript/purescript-functions#^3.0.0
    "@bower_components/purescript-functors" purescript/purescript-functors#^2.0.0
    "@bower_components/purescript-gen" garyb/purescript-gen#^1.1.0
    "@bower_components/purescript-generics" purescript/purescript-generics#^4.0.0
    "@bower_components/purescript-generics-rep" purescript/purescript-generics-rep#^5.3.0
    "@bower_components/purescript-globals" purescript/purescript-globals#^3.0.0
    "@bower_components/purescript-identity" purescript/purescript-identity#^3.0.0
    "@bower_components/purescript-integers" purescript/purescript-integers#^3.0.0
    "@bower_components/purescript-invariant" purescript/purescript-invariant#^3.0.0
    "@bower_components/purescript-lazy" purescript/purescript-lazy#^3.0.0
    "@bower_components/purescript-lists" paf31/purescript-lists#^4.0.0
    "@bower_components/purescript-maps" purescript/purescript-maps#^3.3.1
    "@bower_components/purescript-math" purescript/purescript-math#^2.0.0
    "@bower_components/purescript-maybe" purescript/purescript-maybe#^3.0.0
    "@bower_components/purescript-monoid" purescript/purescript-monoid#^3.0.0
    "@bower_components/purescript-newtype" garyb/purescript-newtype#^2.0.0
    "@bower_components/purescript-nonempty" paf31/purescript-nonempty#^4.0.0
    "@bower_components/purescript-nullable" paf31/purescript-nullable#^3.0.0
    "@bower_components/purescript-partial" purescript/purescript-partial#^1.2.0
    "@bower_components/purescript-prelude" purescript/purescript-prelude#^3.1.0
    "@bower_components/purescript-profunctor" mankyKitty/purescript-profunctor#^3.0.0
    "@bower_components/purescript-profunctor-lenses" paf31/purescript-profunctor-lenses#^3.0.0
    "@bower_components/purescript-proxy" purescript/purescript-proxy#^2.0.0
    "@bower_components/purescript-psci-support" purescript/purescript-psci-support#^3.0.0
    "@bower_components/purescript-record" purescript/purescript-record#^0.2.0
    "@bower_components/purescript-sets" purescript/purescript-sets#^3.0.0
    "@bower_components/purescript-st" purescript/purescript-st#^3.0.0
    "@bower_components/purescript-strings" purescript/purescript-strings#^3.0.0
    "@bower_components/purescript-symbols" purescript/purescript-symbols#^3.0.0
    "@bower_components/purescript-tailrec" paf31/purescript-tailrec#^3.0.0
    "@bower_components/purescript-transformers" purescript/purescript-transformers#^3.0.0
    "@bower_components/purescript-tuples" purescript/purescript-tuples#^4.0.0
    "@bower_components/purescript-type-equality" purescript/purescript-type-equality#^2.1.0
    "@bower_components/purescript-typelevel-prelude" purescript/purescript-typelevel-prelude#^2.3.1
    "@bower_components/purescript-unfoldable" paf31/purescript-unfoldable#^3.0.0
    "@bower_components/purescript-unsafe-coerce" purescript-contrib/purescript-unsafe-coerce#^3.0.0

"@bower_components/purescript-identity@purescript/purescript-identity#^3.0.0":
  version "^3.0.0"
  resolved "https://codeload.github.com/purescript/purescript-identity/tar.gz/c7c486629a44554c86cba2d5454938d02ada5923"

"@bower_components/purescript-integers@purescript/purescript-integers#^3.0.0", "@bower_components/purescript-integers@purescript/purescript-integers#^3.1.0":
  version "^3.1.0"
  resolved "https://codeload.github.com/purescript/purescript-integers/tar.gz/4ef3a1e55de4be3cd8a48406956776a47aba0d73"

"@bower_components/purescript-invariant@purescript/purescript-invariant#^3.0.0":
  version "^3.0.0"
  resolved "https://codeload.github.com/purescript/purescript-invariant/tar.gz/61b5c749483e50e10bb75df83a9e36331630e895"

"@bower_components/purescript-js-date@garyb/purescript-js-date#^4.0.0":
  version "^4.0.0"
  resolved "https://codeload.github.com/garyb/purescript-js-date/tar.gz/32d178bae9e22be401170290be9f911d0ef86ddd"

"@bower_components/purescript-js-timers@purescript-contrib/purescript-js-timers#^3.0.0":
  version "^3.0.0"
  resolved "https://codeload.github.com/purescript-contrib/purescript-js-timers/tar.gz/1aadf04bea5bf49f58be3a6111f1476ddb1fdc9f"

"@bower_components/purescript-lazy@purescript/purescript-lazy#^3.0.0":
  version "^3.0.0"
  resolved "https://codeload.github.com/purescript/purescript-lazy/tar.gz/22ee549e5e757c8645826ac889647b73082c6463"

"@bower_components/purescript-lists@paf31/purescript-lists#^4.0.0":
  version "^4.0.0"
  resolved "https://codeload.github.com/paf31/purescript-lists/tar.gz/55b184825dbe8cbc9d73ff6805971e0221f49d5e"

"@bower_components/purescript-maps@purescript/purescript-maps#^3.0.0", "@bower_components/purescript-maps@purescript/purescript-maps#^3.3.1":
  version "^3.3.1"
  resolved "https://codeload.github.com/purescript/purescript-maps/tar.gz/0e44e99e74226cd116929808186fd790b76893f0"

"@bower_components/purescript-math@purescript/purescript-math#^2.0.0":
  version "^2.0.0"
  resolved "https://codeload.github.com/purescript/purescript-math/tar.gz/9ece563b897086a1440e31ca32898405c7c420cb"

"@bower_components/purescript-maybe@purescript/purescript-maybe#^3.0.0":
  version "^3.0.0"
  resolved "https://codeload.github.com/purescript/purescript-maybe/tar.gz/435566d37188a574276b9b98737bfcb4d5b89a9f"

"@bower_components/purescript-mmorph@Thimoteus/purescript-mmorph#^3.0.0":
  version "^3.0.0"
  resolved "https://codeload.github.com/Thimoteus/purescript-mmorph/tar.gz/004d9d450af500c1d6022e436a5c660958643232"

"@bower_components/purescript-monoid@purescript/purescript-monoid#^3.0.0":
  version "^3.0.0"
  resolved "https://codeload.github.com/purescript/purescript-monoid/tar.gz/4df49ecb28928d1c5e516f97a9f5a07841937ae0"

"@bower_components/purescript-newtype@garyb/purescript-newtype#^2.0.0":
  version "^2.0.0"
  resolved "https://codeload.github.com/garyb/purescript-newtype/tar.gz/5f0557944afe85e3e830be9a8df43522311326e8"

"@bower_components/purescript-node-buffer@purescript/purescript-node-buffer#^3.0.0", "@bower_components/purescript-node-buffer@purescript/purescript-node-buffer#^3.0.1":
  version "^3.0.1"
  resolved "https://codeload.github.com/purescript/purescript-node-buffer/tar.gz/6b7a3f4ce4a70b8c426828ca0a89e754479d68c3"

"@bower_components/purescript-node-fs@purescript-contrib/purescript-node-fs#^4.0.0":
  version "^4.0.0"
  resolved "https://codeload.github.com/purescript-contrib/purescript-node-fs/tar.gz/d18a01f4aa3c3d901e7e15da9a44f0534a2ed6ff"

"@bower_components/purescript-node-http@purescript-node/purescript-node-http#^4.1.0":
  version "^4.1.0"
  resolved "https://codeload.github.com/purescript-node/purescript-node-http/tar.gz/5e0569f563a3207566dd6b0cc714785d30cc8db9"

"@bower_components/purescript-node-path@purescript/purescript-node-path#^2.0.0":
  version "^2.0.0"
  resolved "https://codeload.github.com/purescript/purescript-node-path/tar.gz/73fb16d0734d44307861dc24ede5a4711062d508"

"@bower_components/purescript-node-postgres@epost/purescript-node-postgres#^3.0.0":
  version "^3.0.0"
  resolved "https://codeload.github.com/epost/purescript-node-postgres/tar.gz/0621274b6b927ec3e04ed53288b660cd34163edc"

"@bower_components/purescript-node-process@purescript-node/purescript-node-process#^5.0.0":
  version "^5.0.0"
  resolved "https://codeload.github.com/purescript-node/purescript-node-process/tar.gz/11f78ae7b40d351bc93a08568a23caaae574ba60"

"@bower_components/purescript-node-streams@purescript-node/purescript-node-streams#^3.1.0":
  version "^3.1.0"
  resolved "https://codeload.github.com/purescript-node/purescript-node-streams/tar.gz/2ebad3ff7b55eb601d23a1c8b60ecd85f1641546"

"@bower_components/purescript-node-url@purescript-node/purescript-node-url#^3.0.0":
  version "^3.0.0"
  resolved "https://codeload.github.com/purescript-node/purescript-node-url/tar.gz/768ed6630cd28ae2e4de060d962ed523da1fbdf7"

"@bower_components/purescript-nonempty@paf31/purescript-nonempty#^4.0.0":
  version "^4.0.0"
  resolved "https://codeload.github.com/paf31/purescript-nonempty/tar.gz/1e1111e55fd8ad0166c9fec1ee875b43db339398"

"@bower_components/purescript-nullable@paf31/purescript-nullable#^3.0.0":
  version "^3.0.0"
  resolved "https://codeload.github.com/paf31/purescript-nullable/tar.gz/32d53616021395def7df7e9e635638c3bc6002db"

"@bower_components/purescript-options@ethul/purescript-options#^3.0.0":
  version "^3.0.0"
  resolved "https://codeload.github.com/ethul/purescript-options/tar.gz/7d625787c5d23884d3cae2dd0e0bc19b2f9a6cc8"

"@bower_components/purescript-parallel@paf31/purescript-parallel#^3.0.0":
  version "^3.0.0"
  resolved "https://codeload.github.com/paf31/purescript-parallel/tar.gz/188eab3dd0bd1af8e9f9337adaf423ea26386b54"

"@bower_components/purescript-partial@purescript/purescript-partial#^1.2.0", "@bower_components/purescript-partial@purescript/purescript-partial#^1.2.1":
  version "^1.2.1"
  resolved "https://codeload.github.com/purescript/purescript-partial/tar.gz/4ede691a8cfe3a2166095fafc377e6f45dc0d911"

"@bower_components/purescript-pipes@felixschl/purescript-pipes#^4.0.0":
  version "^4.0.0"
  resolved "https://codeload.github.com/felixschl/purescript-pipes/tar.gz/3b723ad49c77cb4ff5b656d3358ad13b93525b5d"

"@bower_components/purescript-posix-types@purescript-node/purescript-posix-types#^3.0.0":
  version "^3.0.0"
  resolved "https://codeload.github.com/purescript-node/purescript-posix-types/tar.gz/cd1f225840755b6da4fe0f4b9083280b1fa1087d"

"@bower_components/purescript-prelude@purescript/purescript-prelude#^3.0.0", "@bower_components/purescript-prelude@purescript/purescript-prelude#^3.1.0":
  version "^3.1.0"
  resolved "https://codeload.github.com/purescript/purescript-prelude/tar.gz/6d411827970302769895877511f51f7a414ecbb3"

"@bower_components/purescript-profunctor-lenses@paf31/purescript-profunctor-lenses#^3.0.0":
  version "^3.0.0"
  resolved "https://codeload.github.com/paf31/purescript-profunctor-lenses/tar.gz/ab3727d89b73b853d56545a5a5c07cb4b89ee47b"

"@bower_components/purescript-profunctor@mankyKitty/purescript-profunctor#^3.0.0":
  version "^3.0.0"
  resolved "https://codeload.github.com/mankyKitty/purescript-profunctor/tar.gz/7a60adac85944847cb05e361d62ac53f3cd2ee2e"

"@bower_components/purescript-proxy@purescript/purescript-proxy#^2.0.0", "@bower_components/purescript-proxy@purescript/purescript-proxy#^2.1.0":
  version "^2.1.0"
  resolved "https://codeload.github.com/purescript/purescript-proxy/tar.gz/19ac7912844e582b1f0a5532fa87bd4dd1fbcf5e"

"@bower_components/purescript-psci-support@purescript/purescript-psci-support#^3.0.0":
  version "^3.0.0"
  resolved "https://codeload.github.com/purescript/purescript-psci-support/tar.gz/2450b870446d369e43c050afa3205c439568ee1c"

"@bower_components/purescript-record@purescript/purescript-record#^0.2.0":
  version "^0.2.0"
  resolved "https://codeload.github.com/purescript/purescript-record/tar.gz/94c0538c7e0a61bf02a05a81572c8e711ae6b56d"

"@bower_components/purescript-refs@purescript/purescript-refs#^3.0.0":
  version "^3.0.0"
  resolved "https://codeload.github.com/purescript/purescript-refs/tar.gz/b938bda8b07f89853a011136ec001ac993b041c8"

"@bower_components/purescript-sets@purescript/purescript-sets#^3.0.0":
  version "^3.0.0"
  resolved "https://codeload.github.com/purescript/purescript-sets/tar.gz/47ce397d96085fea6a0542256cd08e9809c0a4a0"

"@bower_components/purescript-spec@owickstrom/purescript-spec#^1.0.0":
  version "^1.0.0"
  resolved "https://codeload.github.com/owickstrom/purescript-spec/tar.gz/cfe65a3bc045e7cb750fbf99e1cbac26f15d90bf"

"@bower_components/purescript-st@purescript/purescript-st#^3.0.0":
  version "^3.0.0"
  resolved "https://codeload.github.com/purescript/purescript-st/tar.gz/8e2f9555124d6844a0a0816515ef5475054575b6"

"@bower_components/purescript-strings@purescript/purescript-strings#^3.0.0":
  version "^3.0.0"
  resolved "https://codeload.github.com/purescript/purescript-strings/tar.gz/43d8699de8106ebb8e0124a32bc4c9e0732191d9"

"@bower_components/purescript-symbols@purescript/purescript-symbols#^3.0.0":
  version "^3.0.0"
  resolved "https://codeload.github.com/purescript/purescript-symbols/tar.gz/55cdcc85569c80938a33e97ee8d3350be7a48e75"

"@bower_components/purescript-tailrec@paf31/purescript-tailrec#^3.0.0":
  version "^3.0.0"
  resolved "https://codeload.github.com/paf31/purescript-tailrec/tar.gz/0991c8657d2b997e6ebc279d7f291880aaffa6ca"

"@bower_components/purescript-transformers@purescript/purescript-transformers#^3.0.0":
  version "^3.0.0"
  resolved "https://codeload.github.com/purescript/purescript-transformers/tar.gz/5b9908eb62ab6fb03ca10740322a7cc5c1b32ab1"

"@bower_components/purescript-tuples@purescript/purescript-tuples#^4.0.0":
  version "^4.0.0"
  resolved "https://codeload.github.com/purescript/purescript-tuples/tar.gz/4721788edd3ed789eeda672ceaf2b077e7270988"

"@bower_components/purescript-type-equality@purescript/purescript-type-equality#^2.1.0":
  version "^2.1.0"
  resolved "https://codeload.github.com/purescript/purescript-type-equality/tar.gz/9cccbc7985d69619fdde0c4b2c16687a0e0282b8"

"@bower_components/purescript-typelevel-prelude@purescript/purescript-typelevel-prelude#^2.3.1":
  version "^2.3.1"
  resolved "https://codeload.github.com/purescript/purescript-typelevel-prelude/tar.gz/f7385cc0f1eb3c8f076ce64967897850024d181e"

"@bower_components/purescript-unfoldable@paf31/purescript-unfoldable#^3.0.0":
  version "^3.0.0"
  resolved "https://codeload.github.com/paf31/purescript-unfoldable/tar.gz/40db2589ea5fe605956515834a08ee1ae0982426"

"@bower_components/purescript-unsafe-coerce@purescript-contrib/purescript-unsafe-coerce#^3.0.0":
  version "^3.0.0"
  resolved "https://codeload.github.com/purescript-contrib/purescript-unsafe-coerce/tar.gz/1e021bf22c72c8cf9f699eb6011b634af75996f9"

buffer-writer@1.0.1:
  version "1.0.1"
  resolved "https://registry.yarnpkg.com/buffer-writer/-/buffer-writer-1.0.1.tgz#22a936901e3029afcd7547eb4487ceb697a3bf08"

generic-pool@2.4.3:
  version "2.4.3"
  resolved "https://registry.yarnpkg.com/generic-pool/-/generic-pool-2.4.3.tgz#780c36f69dfad05a5a045dd37be7adca11a4f6ff"

js-string-escape@1.0.1:
  version "1.0.1"
  resolved "https://registry.yarnpkg.com/js-string-escape/-/js-string-escape-1.0.1.tgz#e2625badbc0d67c7533e9edc1068c587ae4137ef"

object-assign@4.1.0:
  version "4.1.0"
  resolved "https://registry.yarnpkg.com/object-assign/-/object-assign-4.1.0.tgz#7a3b3d0e98063d43f4c03f2e8ae6cd51a86883a0"

packet-reader@0.3.1:
  version "0.3.1"
  resolved "https://registry.yarnpkg.com/packet-reader/-/packet-reader-0.3.1.tgz#cd62e60af8d7fea8a705ec4ff990871c46871f27"

pg-connection-string@0.1.3:
  version "0.1.3"
  resolved "https://registry.yarnpkg.com/pg-connection-string/-/pg-connection-string-0.1.3.tgz#da1847b20940e42ee1492beaf65d49d91b245df7"

pg-pool@1.*:
  version "1.8.0"
  resolved "https://registry.yarnpkg.com/pg-pool/-/pg-pool-1.8.0.tgz#f7ec73824c37a03f076f51bfdf70e340147c4f37"
  dependencies:
    generic-pool "2.4.3"
    object-assign "4.1.0"

pg-types@1.*:
  version "1.12.1"
  resolved "https://registry.yarnpkg.com/pg-types/-/pg-types-1.12.1.tgz#d64087e3903b58ffaad279e7595c52208a14c3d2"
  dependencies:
    postgres-array "~1.0.0"
    postgres-bytea "~1.0.0"
    postgres-date "~1.0.0"
    postgres-interval "^1.1.0"

pg@^6.4.1:
  version "6.4.2"
  resolved "https://registry.yarnpkg.com/pg/-/pg-6.4.2.tgz#c364011060eac7a507a2ae063eb857ece910e27f"
  dependencies:
    buffer-writer "1.0.1"
    js-string-escape "1.0.1"
    packet-reader "0.3.1"
    pg-connection-string "0.1.3"
    pg-pool "1.*"
    pg-types "1.*"
    pgpass "1.*"
    semver "4.3.2"

pgpass@1.*:
  version "1.0.2"
  resolved "https://registry.yarnpkg.com/pgpass/-/pgpass-1.0.2.tgz#2a7bb41b6065b67907e91da1b07c1847c877b306"
  dependencies:
    split "^1.0.0"

postgres-array@~1.0.0:
  version "1.0.2"
  resolved "https://registry.yarnpkg.com/postgres-array/-/postgres-array-1.0.2.tgz#8e0b32eb03bf77a5c0a7851e0441c169a256a238"

postgres-bytea@~1.0.0:
  version "1.0.0"
  resolved "https://registry.yarnpkg.com/postgres-bytea/-/postgres-bytea-1.0.0.tgz#027b533c0aa890e26d172d47cf9ccecc521acd35"

postgres-date@~1.0.0:
  version "1.0.3"
  resolved "https://registry.yarnpkg.com/postgres-date/-/postgres-date-1.0.3.tgz#e2d89702efdb258ff9d9cee0fe91bd06975257a8"

postgres-interval@^1.1.0:
  version "1.1.1"
  resolved "https://registry.yarnpkg.com/postgres-interval/-/postgres-interval-1.1.1.tgz#acdb0f897b4b1c6e496d9d4e0a853e1c428f06f0"
  dependencies:
    xtend "^4.0.0"

"purescript-node-streams@github:vpeurala/purescript-node-streams.git":
  version "3.1.0"
  resolved "github:vpeurala/purescript-node-streams.git#22c1581f32031fd9ab9cacec59ecd7d55aa95c68"
  dependencies:
    "@bower_components/purescript-assert" purescript/purescript-assert#^3.0.0
    "@bower_components/purescript-bifunctors" purescript-contrib/purescript-bifunctors#^3.0.0
    "@bower_components/purescript-console" purescript/purescript-console#^3.0.0
    "@bower_components/purescript-control" purescript/purescript-control#^3.0.0
    "@bower_components/purescript-eff" purescript/purescript-eff#^3.0.0
    "@bower_components/purescript-either" purescript/purescript-either#^3.0.0
    "@bower_components/purescript-exceptions" purescript/purescript-exceptions#^3.0.0
    "@bower_components/purescript-foldable-traversable" purescript/purescript-foldable-traversable#^3.0.0
    "@bower_components/purescript-invariant" purescript/purescript-invariant#^3.0.0
    "@bower_components/purescript-maybe" purescript/purescript-maybe#^3.0.0
    "@bower_components/purescript-monoid" purescript/purescript-monoid#^3.0.0
    "@bower_components/purescript-newtype" garyb/purescript-newtype#^2.0.0
    "@bower_components/purescript-node-buffer" purescript/purescript-node-buffer#^3.0.0
    "@bower_components/purescript-partial" purescript/purescript-partial#^1.2.0
    "@bower_components/purescript-prelude" purescript/purescript-prelude#^3.0.0

semver@4.3.2:
  version "4.3.2"
  resolved "https://registry.yarnpkg.com/semver/-/semver-4.3.2.tgz#c7a07158a80bedd052355b770d82d6640f803be7"

split@^1.0.0:
  version "1.0.1"
  resolved "https://registry.yarnpkg.com/split/-/split-1.0.1.tgz#605bd9be303aa59fb35f9229fbea0ddec9ea07d9"
  dependencies:
    through "2"

through@2:
  version "2.3.8"
  resolved "https://registry.yarnpkg.com/through/-/through-2.3.8.tgz#0dd4c9ffaabc357960b1b724115d7e0e86a2e1f5"

xtend@^4.0.0:
  version "4.0.1"
  resolved "https://registry.yarnpkg.com/xtend/-/xtend-4.0.1.tgz#a5c6d532be656e23db820efb943a1f04998d63af"
